
Microsoft Visual Studio Solution File, Format Version 12.00
# Visual Studio Version 16
VisualStudioVersion = 16.0.29418.71
MinimumVisualStudioVersion = 10.0.40219.1
Project("{FAE04EC0-301F-11D3-BF4B-00C04F79EFBC}") = "DungeonsDatabase", "DungeonsDatabase\DungeonsDatabase.csproj", "{F6688FF3-763F-4DA2-B387-0851A49DA10A}"
EndProject
Global
	GlobalSection(SolutionConfigurationPlatforms) = preSolution
		Debug|Any CPU = Debug|Any CPU
		Release|Any CPU = Release|Any CPU
	EndGlobalSection
	GlobalSection(ProjectConfigurationPlatforms) = postSolution
		{F6688FF3-763F-4DA2-B387-0851A49DA10A}.Debug|Any CPU.ActiveCfg = Debug|Any CPU
		{F6688FF3-763F-4DA2-B387-0851A49DA10A}.Debug|Any CPU.Build.0 = Debug|Any CPU
		{F6688FF3-763F-4DA2-B387-0851A49DA10A}.Release|Any CPU.ActiveCfg = Release|Any CPU
		{F6688FF3-763F-4DA2-B387-0851A49DA10A}.Release|Any CPU.Build.0 = Release|Any CPU
	EndGlobalSection
	GlobalSection(SolutionProperties) = preSolution
		HideSolutionNode = FALSE
	EndGlobalSection
	GlobalSection(ExtensibilityGlobals) = postSolution
		SolutionGuid = {354C50FE-BEE6-4AFE-B533-62A0FE0D1951}
	EndGlobalSection
EndGlobal
